// !$*UTF8*$!
{
	archiveVersion = 1;
	classes = {
	};
	objectVersion = 51;
	objects = {

/* Begin PBXBuildFile section */
		15A55E9B24D90436004C221E /* AppDelegate.swift in Sources */ = {isa = PBXBuildFile; fileRef = 15A55E9A24D90436004C221E /* AppDelegate.swift */; };
		15A55E9D24D90436004C221E /* SceneDelegate.swift in Sources */ = {isa = PBXBuildFile; fileRef = 15A55E9C24D90436004C221E /* SceneDelegate.swift */; };
		15A55E9F24D90436004C221E /* ViewController.swift in Sources */ = {isa = PBXBuildFile; fileRef = 15A55E9E24D90436004C221E /* ViewController.swift */; };
		15A55EA224D90436004C221E /* Main.storyboard in Resources */ = {isa = PBXBuildFile; fileRef = 15A55EA024D90436004C221E /* Main.storyboard */; };
		15A55EA424D90438004C221E /* Assets.xcassets in Resources */ = {isa = PBXBuildFile; fileRef = 15A55EA324D90438004C221E /* Assets.xcassets */; };
		15A55EA724D90438004C221E /* LaunchScreen.storyboard in Resources */ = {isa = PBXBuildFile; fileRef = 15A55EA524D90438004C221E /* LaunchScreen.storyboard */; };
		15A55EB024D9319B004C221E /* awsconfiguration.json in Resources */ = {isa = PBXBuildFile; fileRef = 15A55EAE24D9319B004C221E /* awsconfiguration.json */; };
		15A55EB124D9319B004C221E /* amplifyconfiguration.json in Resources */ = {isa = PBXBuildFile; fileRef = 15A55EAF24D9319B004C221E /* amplifyconfiguration.json */; };
		15A55EB324D95215004C221E /* ResultViewController.swift in Sources */ = {isa = PBXBuildFile; fileRef = 15A55EB224D95215004C221E /* ResultViewController.swift */; };
		E4F5A448CC76034A3E65950D /* Pods_AWS.framework in Frameworks */ = {isa = PBXBuildFile; fileRef = 6F633CEA5426A2CE8A3BFBA6 /* Pods_AWS.framework */; };
/* End PBXBuildFile section */

/* Begin PBXFileReference section */
		15A55E9724D90436004C221E /* AWS.app */ = {isa = PBXFileReference; explicitFileType = wrapper.application; includeInIndex = 0; path = AWS.app; sourceTree = BUILT_PRODUCTS_DIR; };
		15A55E9A24D90436004C221E /* AppDelegate.swift */ = {isa = PBXFileReference; lastKnownFileType = sourcecode.swift; path = AppDelegate.swift; sourceTree = "<group>"; };
		15A55E9C24D90436004C221E /* SceneDelegate.swift */ = {isa = PBXFileReference; lastKnownFileType = sourcecode.swift; path = SceneDelegate.swift; sourceTree = "<group>"; };
		15A55E9E24D90436004C221E /* ViewController.swift */ = {isa = PBXFileReference; lastKnownFileType = sourcecode.swift; path = ViewController.swift; sourceTree = "<group>"; };
		15A55EA124D90436004C221E /* Base */ = {isa = PBXFileReference; lastKnownFileType = file.storyboard; name = Base; path = Base.lproj/Main.storyboard; sourceTree = "<group>"; };
		15A55EA324D90438004C221E /* Assets.xcassets */ = {isa = PBXFileReference; lastKnownFileType = folder.assetcatalog; path = Assets.xcassets; sourceTree = "<group>"; };
		15A55EA624D90438004C221E /* Base */ = {isa = PBXFileReference; lastKnownFileType = file.storyboard; name = Base; path = Base.lproj/LaunchScreen.storyboard; sourceTree = "<group>"; };
		15A55EA824D90438004C221E /* Info.plist */ = {isa = PBXFileReference; lastKnownFileType = text.plist.xml; path = Info.plist; sourceTree = "<group>"; };
		15A55EAE24D9319B004C221E /* awsconfiguration.json */ = {isa = PBXFileReference; fileEncoding = 4; lastKnownFileType = text.json; path = awsconfiguration.json; sourceTree = SOURCE_ROOT; };
		15A55EAF24D9319B004C221E /* amplifyconfiguration.json */ = {isa = PBXFileReference; fileEncoding = 4; lastKnownFileType = text.json; path = amplifyconfiguration.json; sourceTree = SOURCE_ROOT; };
		15A55EB224D95215004C221E /* ResultViewController.swift */ = {isa = PBXFileReference; lastKnownFileType = sourcecode.swift; path = ResultViewController.swift; sourceTree = "<group>"; };
		37F9CE4908EE4AE2E27B29B2 /* Pods-AWS.release.xcconfig */ = {isa = PBXFileReference; includeInIndex = 1; lastKnownFileType = text.xcconfig; name = "Pods-AWS.release.xcconfig"; path = "Target Support Files/Pods-AWS/Pods-AWS.release.xcconfig"; sourceTree = "<group>"; };
		6F633CEA5426A2CE8A3BFBA6 /* Pods_AWS.framework */ = {isa = PBXFileReference; explicitFileType = wrapper.framework; includeInIndex = 0; path = Pods_AWS.framework; sourceTree = BUILT_PRODUCTS_DIR; };
		B451B1426FF1B06227A0F754 /* Pods-AWS.debug.xcconfig */ = {isa = PBXFileReference; includeInIndex = 1; lastKnownFileType = text.xcconfig; name = "Pods-AWS.debug.xcconfig"; path = "Target Support Files/Pods-AWS/Pods-AWS.debug.xcconfig"; sourceTree = "<group>"; };
/* End PBXFileReference section */

/* Begin PBXFrameworksBuildPhase section */
		15A55E9424D90436004C221E /* Frameworks */ = {
			isa = PBXFrameworksBuildPhase;
			buildActionMask = 2147483647;
			files = (
				E4F5A448CC76034A3E65950D /* Pods_AWS.framework in Frameworks */,
			);
			runOnlyForDeploymentPostprocessing = 0;
		};
/* End PBXFrameworksBuildPhase section */

/* Begin PBXGroup section */
		0341491729AB885B7B815A04 /* Pods */ = {
			isa = PBXGroup;
			children = (
				B451B1426FF1B06227A0F754 /* Pods-AWS.debug.xcconfig */,
				37F9CE4908EE4AE2E27B29B2 /* Pods-AWS.release.xcconfig */,
			);
			path = Pods;
			sourceTree = "<group>";
		};
		146818D6095A5BBC3D0CC6C5 /* Frameworks */ = {
			isa = PBXGroup;
			children = (
				6F633CEA5426A2CE8A3BFBA6 /* Pods_AWS.framework */,
			);
			name = Frameworks;
			sourceTree = "<group>";
		};
		15A55E8E24D90436004C221E = {
			isa = PBXGroup;
			children = (
				15A55E9924D90436004C221E /* AWS */,
				15A55E9824D90436004C221E /* Products */,
				0341491729AB885B7B815A04 /* Pods */,
				146818D6095A5BBC3D0CC6C5 /* Frameworks */,
			);
			sourceTree = "<group>";
		};
		15A55E9824D90436004C221E /* Products */ = {
			isa = PBXGroup;
			children = (
				15A55E9724D90436004C221E /* AWS.app */,
			);
			name = Products;
			sourceTree = "<group>";
		};
		15A55E9924D90436004C221E /* AWS */ = {
			isa = PBXGroup;
			children = (
				15A55EAF24D9319B004C221E /* amplifyconfiguration.json */,
				15A55EAE24D9319B004C221E /* awsconfiguration.json */,
				15A55E9A24D90436004C221E /* AppDelegate.swift */,
				15A55E9C24D90436004C221E /* SceneDelegate.swift */,
				15A55E9E24D90436004C221E /* ViewController.swift */,
				15A55EB224D95215004C221E /* ResultViewController.swift */,
				15A55EA024D90436004C221E /* Main.storyboard */,
				15A55EA324D90438004C221E /* Assets.xcassets */,
				15A55EA524D90438004C221E /* LaunchScreen.storyboard */,
				15A55EA824D90438004C221E /* Info.plist */,
			);
			path = AWS;
			sourceTree = "<group>";
		};
/* End PBXGroup section */

/* Begin PBXNativeTarget section */
		15A55E9624D90436004C221E /* AWS */ = {
			isa = PBXNativeTarget;
			buildConfigurationList = 15A55EAB24D90438004C221E /* Build configuration list for PBXNativeTarget "AWS" */;
			buildPhases = (
				E711E25436DED3F8A13C6D1B /* [CP] Check Pods Manifest.lock */,
				15A55E9324D90436004C221E /* Sources */,
				15A55E9424D90436004C221E /* Frameworks */,
				15A55E9524D90436004C221E /* Resources */,
				46A2705CF4D17A6B5C05AE4A /* [CP] Embed Pods Frameworks */,
			);
			buildRules = (
			);
			dependencies = (
			);
			name = AWS;
			productName = AWS;
			productReference = 15A55E9724D90436004C221E /* AWS.app */;
			productType = "com.apple.product-type.application";
		};
/* End PBXNativeTarget section */

/* Begin PBXProject section */
		15A55E8F24D90436004C221E /* Project object */ = {
			isa = PBXProject;
			attributes = {
				LastSwiftUpdateCheck = 1150;
				LastUpgradeCheck = 1150;
				ORGANIZATIONNAME = "신효근";
				TargetAttributes = {
					15A55E9624D90436004C221E = {
						CreatedOnToolsVersion = 11.5;
					};
				};
			};
			buildConfigurationList = 15A55E9224D90436004C221E /* Build configuration list for PBXProject "AWS" */;
			compatibilityVersion = "Xcode 9.3";
			developmentRegion = en;
			hasScannedForEncodings = 0;
			knownRegions = (
				en,
				Base,
			);
			mainGroup = 15A55E8E24D90436004C221E;
			productRefGroup = 15A55E9824D90436004C221E /* Products */;
			projectDirPath = "";
			projectRoot = "";
			targets = (
				15A55E9624D90436004C221E /* AWS */,
			);
		};
/* End PBXProject section */

/* Begin PBXResourcesBuildPhase section */
		15A55E9524D90436004C221E /* Resources */ = {
			isa = PBXResourcesBuildPhase;
			buildActionMask = 2147483647;
			files = (
				15A55EB024D9319B004C221E /* awsconfiguration.json in Resources */,
				15A55EA724D90438004C221E /* LaunchScreen.storyboard in Resources */,
				15A55EB124D9319B004C221E /* amplifyconfiguration.json in Resources */,
				15A55EA424D90438004C221E /* Assets.xcassets in Resources */,
				15A55EA224D90436004C221E /* Main.storyboard in Resources */,
			);
			runOnlyForDeploymentPostprocessing = 0;
		};
/* End PBXResourcesBuildPhase section */

/* Begin PBXShellScriptBuildPhase section */
		46A2705CF4D17A6B5C05AE4A /* [CP] Embed Pods Frameworks */ = {
			isa = PBXShellScriptBuildPhase;
			buildActionMask = 2147483647;
			files = (
			);
			inputFileListPaths = (
				"${PODS_ROOT}/Target Support Files/Pods-AWS/Pods-AWS-frameworks-${CONFIGURATION}-input-files.xcfilelist",
			);
			name = "[CP] Embed Pods Frameworks";
			outputFileListPaths = (
				"${PODS_ROOT}/Target Support Files/Pods-AWS/Pods-AWS-frameworks-${CONFIGURATION}-output-files.xcfilelist",
			);
			runOnlyForDeploymentPostprocessing = 0;
			shellPath = /bin/sh;
			shellScript = "\"${PODS_ROOT}/Target Support Files/Pods-AWS/Pods-AWS-frameworks.sh\"\n";
			showEnvVarsInLog = 0;
		};
		E711E25436DED3F8A13C6D1B /* [CP] Check Pods Manifest.lock */ = {
			isa = PBXShellScriptBuildPhase;
			buildActionMask = 2147483647;
			files = (
			);
			inputFileListPaths = (
			);
			inputPaths = (
				"${PODS_PODFILE_DIR_PATH}/Podfile.lock",
				"${PODS_ROOT}/Manifest.lock",
			);
			name = "[CP] Check Pods Manifest.lock";
			outputFileListPaths = (
			);
			outputPaths = (
				"$(DERIVED_FILE_DIR)/Pods-AWS-checkManifestLockResult.txt",
			);
			runOnlyForDeploymentPostprocessing = 0;
			shellPath = /bin/sh;
			shellScript = "diff \"${PODS_PODFILE_DIR_PATH}/Podfile.lock\" \"${PODS_ROOT}/Manifest.lock\" > /dev/null\nif [ $? != 0 ] ; then\n    # print error to STDERR\n    echo \"error: The sandbox is not in sync with the Podfile.lock. Run 'pod install' or update your CocoaPods installation.\" >&2\n    exit 1\nfi\n# This output is used by Xcode 'outputs' to avoid re-running this script phase.\necho \"SUCCESS\" > \"${SCRIPT_OUTPUT_FILE_0}\"\n";
			showEnvVarsInLog = 0;
		};
/* End PBXShellScriptBuildPhase section */

/* Begin PBXSourcesBuildPhase section */
		15A55E9324D90436004C221E /* Sources */ = {
			isa = PBXSourcesBuildPhase;
			buildActionMask = 2147483647;
			files = (
				15A55E9F24D90436004C221E /* ViewController.swift in Sources */,
				15A55E9B24D90436004C221E /* AppDelegate.swift in Sources */,
				15A55E9D24D90436004C221E /* SceneDelegate.swift in Sources */,
				15A55EB324D95215004C221E /* ResultViewController.swift in Sources */,
			);
			runOnlyForDeploymentPostprocessing = 0;
		};
/* End PBXSourcesBuildPhase section */

/* Begin PBXVariantGroup section */
		15A55EA024D90436004C221E /* Main.storyboard */ = {
			isa = PBXVariantGroup;
			children = (
				15A55EA124D90436004C221E /* Base */,
			);
			name = Main.storyboard;
			sourceTree = "<group>";
		};
		15A55EA524D90438004C221E /* LaunchScreen.storyboard */ = {
			isa = PBXVariantGroup;
			children = (
				15A55EA624D90438004C221E /* Base */,
			);
			name = LaunchScreen.storyboard;
			sourceTree = "<group>";
		};
/* End PBXVariantGroup section */

/* Begin XCBuildConfiguration section */
		15A55EA924D90438004C221E /* Debug */ = {
			isa = XCBuildConfiguration;
			buildSettings = {
				ALWAYS_SEARCH_USER_PATHS = NO;
				CLANG_ANALYZER_NONNULL = YES;
				CLANG_ANALYZER_NUMBER_OBJECT_CONVERSION = YES_AGGRESSIVE;
				CLANG_CXX_LANGUAGE_STANDARD = "gnu++14";
				CLANG_CXX_LIBRARY = "libc++";
				CLANG_ENABLE_MODULES = YES;
				CLANG_ENABLE_OBJC_ARC = YES;
				CLANG_ENABLE_OBJC_WEAK = YES;
				CLANG_WARN_BLOCK_CAPTURE_AUTORELEASING = YES;
				CLANG_WARN_BOOL_CONVERSION = YES;
				CLANG_WARN_COMMA = YES;
				CLANG_WARN_CONSTANT_CONVERSION = YES;
				CLANG_WARN_DEPRECATED_OBJC_IMPLEMENTATIONS = YES;
				CLANG_WARN_DIRECT_OBJC_ISA_USAGE = YES_ERROR;
				CLANG_WARN_DOCUMENTATION_COMMENTS = YES;
				CLANG_WARN_EMPTY_BODY = YES;
				CLANG_WARN_ENUM_CONVERSION = YES;
				CLANG_WARN_INFINITE_RECURSION = YES;
				CLANG_WARN_INT_CONVERSION = YES;
				CLANG_WARN_NON_LITERAL_NULL_CONVERSION = YES;
				CLANG_WARN_OBJC_IMPLICIT_RETAIN_SELF = YES;
				CLANG_WARN_OBJC_LITERAL_CONVERSION = YES;
				CLANG_WARN_OBJC_ROOT_CLASS = YES_ERROR;
				CLANG_WARN_RANGE_LOOP_ANALYSIS = YES;
				CLANG_WARN_STRICT_PROTOTYPES = YES;
				CLANG_WARN_SUSPICIOUS_MOVE = YES;
				CLANG_WARN_UNGUARDED_AVAILABILITY = YES_AGGRESSIVE;
				CLANG_WARN_UNREACHABLE_CODE = YES;
				CLANG_WARN__DUPLICATE_METHOD_MATCH = YES;
				COPY_PHASE_STRIP = NO;
				DEBUG_INFORMATION_FORMAT = dwarf;
				ENABLE_STRICT_OBJC_MSGSEND = YES;
				ENABLE_TESTABILITY = YES;
				GCC_C_LANGUAGE_STANDARD = gnu11;
				GCC_DYNAMIC_NO_PIC = NO;
				GCC_NO_COMMON_BLOCKS = YES;
				GCC_OPTIMIZATION_LEVEL = 0;
				GCC_PREPROCESSOR_DEFINITIONS = (
					"DEBUG=1",
					"$(inherited)",
				);
				GCC_WARN_64_TO_32_BIT_CONVERSION = YES;
				GCC_WARN_ABOUT_RETURN_TYPE = YES_ERROR;
				GCC_WARN_UNDECLARED_SELECTOR = YES;
				GCC_WARN_UNINITIALIZED_AUTOS = YES_AGGRESSIVE;
				GCC_WARN_UNUSED_FUNCTION = YES;
				GCC_WARN_UNUSED_VARIABLE = YES;
				IPHONEOS_DEPLOYMENT_TARGET = 13.5;
				MTL_ENABLE_DEBUG_INFO = INCLUDE_SOURCE;
				MTL_FAST_MATH = YES;
				ONLY_ACTIVE_ARCH = YES;
				SDKROOT = iphoneos;
				SWIFT_ACTIVE_COMPILATION_CONDITIONS = DEBUG;
				SWIFT_OPTIMIZATION_LEVEL = "-Onone";
			};
			name = Debug;
		};
		15A55EAA24D90438004C221E /* Release */ = {
			isa = XCBuildConfiguration;
			buildSettings = {
				ALWAYS_SEARCH_USER_PATHS = NO;
				CLANG_ANALYZER_NONNULL = YES;
				CLANG_ANALYZER_NUMBER_OBJECT_CONVERSION = YES_AGGRESSIVE;
				CLANG_CXX_LANGUAGE_STANDARD = "gnu++14";
				CLANG_CXX_LIBRARY = "libc++";
				CLANG_ENABLE_MODULES = YES;
				CLANG_ENABLE_OBJC_ARC = YES;
				CLANG_ENABLE_OBJC_WEAK = YES;
				CLANG_WARN_BLOCK_CAPTURE_AUTORELEASING = YES;
				CLANG_WARN_BOOL_CONVERSION = YES;
				CLANG_WARN_COMMA = YES;
				CLANG_WARN_CONSTANT_CONVERSION = YES;
				CLANG_WARN_DEPRECATED_OBJC_IMPLEMENTATIONS = YES;
				CLANG_WARN_DIRECT_OBJC_ISA_USAGE = YES_ERROR;
				CLANG_WARN_DOCUMENTATION_COMMENTS = YES;
				CLANG_WARN_EMPTY_BODY = YES;
				CLANG_WARN_ENUM_CONVERSION = YES;
				CLANG_WARN_INFINITE_RECURSION = YES;
				CLANG_WARN_INT_CONVERSION = YES;
				CLANG_WARN_NON_LITERAL_NULL_CONVERSION = YES;
				CLANG_WARN_OBJC_IMPLICIT_RETAIN_SELF = YES;
				CLANG_WARN_OBJC_LITERAL_CONVERSION = YES;
				CLANG_WARN_OBJC_ROOT_CLASS = YES_ERROR;
				CLANG_WARN_RANGE_LOOP_ANALYSIS = YES;
				CLANG_WARN_STRICT_PROTOTYPES = YES;
				CLANG_WARN_SUSPICIOUS_MOVE = YES;
				CLANG_WARN_UNGUARDED_AVAILABILITY = YES_AGGRESSIVE;
				CLANG_WARN_UNREACHABLE_CODE = YES;
				CLANG_WARN__DUPLICATE_METHOD_MATCH = YES;
				COPY_PHASE_STRIP = NO;
				DEBUG_INFORMATION_FORMAT = "dwarf-with-dsym";
				ENABLE_NS_ASSERTIONS = NO;
				ENABLE_STRICT_OBJC_MSGSEND = YES;
				GCC_C_LANGUAGE_STANDARD = gnu11;
				GCC_NO_COMMON_BLOCKS = YES;
				GCC_WARN_64_TO_32_BIT_CONVERSION = YES;
				GCC_WARN_ABOUT_RETURN_TYPE = YES_ERROR;
				GCC_WARN_UNDECLARED_SELECTOR = YES;
				GCC_WARN_UNINITIALIZED_AUTOS = YES_AGGRESSIVE;
				GCC_WARN_UNUSED_FUNCTION = YES;
				GCC_WARN_UNUSED_VARIABLE = YES;
				IPHONEOS_DEPLOYMENT_TARGET = 13.5;
				MTL_ENABLE_DEBUG_INFO = NO;
				MTL_FAST_MATH = YES;
				SDKROOT = iphoneos;
				SWIFT_COMPILATION_MODE = wholemodule;
				SWIFT_OPTIMIZATION_LEVEL = "-O";
				VALIDATE_PRODUCT = YES;
			};
			name = Release;
		};
		15A55EAC24D90438004C221E /* Debug */ = {
			isa = XCBuildConfiguration;
			baseConfigurationReference = B451B1426FF1B06227A0F754 /* Pods-AWS.debug.xcconfig */;
			buildSettings = {
				ASSETCATALOG_COMPILER_APPICON_NAME = AppIcon;
				CODE_SIGN_STYLE = Automatic;
				DEVELOPMENT_TEAM = 68JMS7YZ2S;
				INFOPLIST_FILE = AWS/Info.plist;
				LD_RUNPATH_SEARCH_PATHS = (
					"$(inherited)",
					"@executable_path/Frameworks",
				);
				PRODUCT_BUNDLE_IDENTIFIER = com.shinhyogeun.AWS;
				PRODUCT_NAME = "$(TARGET_NAME)";
				SWIFT_VERSION = 5.0;
				TARGETED_DEVICE_FAMILY = "1,2";
			};
			name = Debug;
		};
		15A55EAD24D90438004C221E /* Release */ = {
			isa = XCBuildConfiguration;
			baseConfigurationReference = 37F9CE4908EE4AE2E27B29B2 /* Pods-AWS.release.xcconfig */;
			buildSettings = {
				ASSETCATALOG_COMPILER_APPICON_NAME = AppIcon;
				CODE_SIGN_STYLE = Automatic;
				DEVELOPMENT_TEAM = 68JMS7YZ2S;
				INFOPLIST_FILE = AWS/Info.plist;
				LD_RUNPATH_SEARCH_PATHS = (
					"$(inherited)",
					"@executable_path/Frameworks",
				);
				PRODUCT_BUNDLE_IDENTIFIER = com.shinhyogeun.AWS;
				PRODUCT_NAME = "$(TARGET_NAME)";
				SWIFT_VERSION = 5.0;
				TARGETED_DEVICE_FAMILY = "1,2";
			};
			name = Release;
		};
/* End XCBuildConfiguration section */

/* Begin XCConfigurationList section */
		15A55E9224D90436004C221E /* Build configuration list for PBXProject "AWS" */ = {
			isa = XCConfigurationList;
			buildConfigurations = (
				15A55EA924D90438004C221E /* Debug */,
				15A55EAA24D90438004C221E /* Release */,
			);
			defaultConfigurationIsVisible = 0;
			defaultConfigurationName = Release;
		};
		15A55EAB24D90438004C221E /* Build configuration list for PBXNativeTarget "AWS" */ = {
			isa = XCConfigurationList;
			buildConfigurations = (
				15A55EAC24D90438004C221E /* Debug */,
				15A55EAD24D90438004C221E /* Release */,
			);
			defaultConfigurationIsVisible = 0;
			defaultConfigurationName = Release;
		};
/* End XCConfigurationList section */
	};
	rootObject = 15A55E8F24D90436004C221E /* Project object */;
}
